// !$*UTF8*$!
{
	archiveVersion = 1;
	classes = {
	};
	objectVersion = 55;
	objects = {

/* Begin PBXBuildFile section */
		F8494C4A282C84240057637A /* CircleGroupView.swift in Sources */ = {isa = PBXBuildFile; fileRef = F8494C49282C84240057637A /* CircleGroupView.swift */; };
		F8FEAA6C2819F3ED00EAFF3B /* RestartApp.swift in Sources */ = {isa = PBXBuildFile; fileRef = F8FEAA6B2819F3ED00EAFF3B /* RestartApp.swift */; };
		F8FEAA6E2819F3ED00EAFF3B /* ContentView.swift in Sources */ = {isa = PBXBuildFile; fileRef = F8FEAA6D2819F3ED00EAFF3B /* ContentView.swift */; };
		F8FEAA702819F3EF00EAFF3B /* Assets.xcassets in Resources */ = {isa = PBXBuildFile; fileRef = F8FEAA6F2819F3EF00EAFF3B /* Assets.xcassets */; };
		F8FEAA732819F3EF00EAFF3B /* Preview Assets.xcassets in Resources */ = {isa = PBXBuildFile; fileRef = F8FEAA722819F3EF00EAFF3B /* Preview Assets.xcassets */; };
		F8FEAA7D2819F3F000EAFF3B /* RestartTests.swift in Sources */ = {isa = PBXBuildFile; fileRef = F8FEAA7C2819F3F000EAFF3B /* RestartTests.swift */; };
		F8FEAA872819F3F000EAFF3B /* RestartUITests.swift in Sources */ = {isa = PBXBuildFile; fileRef = F8FEAA862819F3F000EAFF3B /* RestartUITests.swift */; };
		F8FEAA892819F3F000EAFF3B /* RestartUITestsLaunchTests.swift in Sources */ = {isa = PBXBuildFile; fileRef = F8FEAA882819F3F000EAFF3B /* RestartUITestsLaunchTests.swift */; };
		F8FEAA972819F62000EAFF3B /* chimeup.mp3 in Resources */ = {isa = PBXBuildFile; fileRef = F8FEAA952819F62000EAFF3B /* chimeup.mp3 */; };
		F8FEAA982819F62000EAFF3B /* chimeup.mp3 in Resources */ = {isa = PBXBuildFile; fileRef = F8FEAA952819F62000EAFF3B /* chimeup.mp3 */; };
		F8FEAA992819F62000EAFF3B /* success.m4a in Resources */ = {isa = PBXBuildFile; fileRef = F8FEAA962819F62000EAFF3B /* success.m4a */; };
		F8FEAA9A2819F62000EAFF3B /* success.m4a in Resources */ = {isa = PBXBuildFile; fileRef = F8FEAA962819F62000EAFF3B /* success.m4a */; };
		F8FEAAA3281A192500EAFF3B /* OnboardingView.swift in Sources */ = {isa = PBXBuildFile; fileRef = F8FEAAA2281A192500EAFF3B /* OnboardingView.swift */; };
		F8FEAAA5281A19E500EAFF3B /* HomeView.swift in Sources */ = {isa = PBXBuildFile; fileRef = F8FEAAA4281A19E500EAFF3B /* HomeView.swift */; };
/* End PBXBuildFile section */

/* Begin PBXContainerItemProxy section */
		F8FEAA792819F3F000EAFF3B /* PBXContainerItemProxy */ = {
			isa = PBXContainerItemProxy;
			containerPortal = F8FEAA602819F3ED00EAFF3B /* Project object */;
			proxyType = 1;
			remoteGlobalIDString = F8FEAA672819F3ED00EAFF3B;
			remoteInfo = Restart;
		};
		F8FEAA832819F3F000EAFF3B /* PBXContainerItemProxy */ = {
			isa = PBXContainerItemProxy;
			containerPortal = F8FEAA602819F3ED00EAFF3B /* Project object */;
			proxyType = 1;
			remoteGlobalIDString = F8FEAA672819F3ED00EAFF3B;
			remoteInfo = Restart;
		};
/* End PBXContainerItemProxy section */

/* Begin PBXFileReference section */
		F8494C49282C84240057637A /* CircleGroupView.swift */ = {isa = PBXFileReference; lastKnownFileType = sourcecode.swift; path = CircleGroupView.swift; sourceTree = "<group>"; };
		F8FEAA682819F3ED00EAFF3B /* Restart.app */ = {isa = PBXFileReference; explicitFileType = wrapper.application; includeInIndex = 0; path = Restart.app; sourceTree = BUILT_PRODUCTS_DIR; };
		F8FEAA6B2819F3ED00EAFF3B /* RestartApp.swift */ = {isa = PBXFileReference; lastKnownFileType = sourcecode.swift; path = RestartApp.swift; sourceTree = "<group>"; };
		F8FEAA6D2819F3ED00EAFF3B /* ContentView.swift */ = {isa = PBXFileReference; lastKnownFileType = sourcecode.swift; path = ContentView.swift; sourceTree = "<group>"; };
		F8FEAA6F2819F3EF00EAFF3B /* Assets.xcassets */ = {isa = PBXFileReference; lastKnownFileType = folder.assetcatalog; path = Assets.xcassets; sourceTree = "<group>"; };
		F8FEAA722819F3EF00EAFF3B /* Preview Assets.xcassets */ = {isa = PBXFileReference; lastKnownFileType = folder.assetcatalog; path = "Preview Assets.xcassets"; sourceTree = "<group>"; };
		F8FEAA782819F3F000EAFF3B /* RestartTests.xctest */ = {isa = PBXFileReference; explicitFileType = wrapper.cfbundle; includeInIndex = 0; path = RestartTests.xctest; sourceTree = BUILT_PRODUCTS_DIR; };
		F8FEAA7C2819F3F000EAFF3B /* RestartTests.swift */ = {isa = PBXFileReference; lastKnownFileType = sourcecode.swift; path = RestartTests.swift; sourceTree = "<group>"; };
		F8FEAA822819F3F000EAFF3B /* RestartUITests.xctest */ = {isa = PBXFileReference; explicitFileType = wrapper.cfbundle; includeInIndex = 0; path = RestartUITests.xctest; sourceTree = BUILT_PRODUCTS_DIR; };
		F8FEAA862819F3F000EAFF3B /* RestartUITests.swift */ = {isa = PBXFileReference; lastKnownFileType = sourcecode.swift; path = RestartUITests.swift; sourceTree = "<group>"; };
		F8FEAA882819F3F000EAFF3B /* RestartUITestsLaunchTests.swift */ = {isa = PBXFileReference; lastKnownFileType = sourcecode.swift; path = RestartUITestsLaunchTests.swift; sourceTree = "<group>"; };
		F8FEAA952819F62000EAFF3B /* chimeup.mp3 */ = {isa = PBXFileReference; lastKnownFileType = audio.mp3; path = chimeup.mp3; sourceTree = "<group>"; };
		F8FEAA962819F62000EAFF3B /* success.m4a */ = {isa = PBXFileReference; lastKnownFileType = file; path = success.m4a; sourceTree = "<group>"; };
		F8FEAA9F281A130200EAFF3B /* Info.plist */ = {isa = PBXFileReference; lastKnownFileType = text.plist; path = Info.plist; sourceTree = "<group>"; };
		F8FEAAA2281A192500EAFF3B /* OnboardingView.swift */ = {isa = PBXFileReference; lastKnownFileType = sourcecode.swift; path = OnboardingView.swift; sourceTree = "<group>"; };
		F8FEAAA4281A19E500EAFF3B /* HomeView.swift */ = {isa = PBXFileReference; lastKnownFileType = sourcecode.swift; path = HomeView.swift; sourceTree = "<group>"; };
/* End PBXFileReference section */

/* Begin PBXFrameworksBuildPhase section */
		F8FEAA652819F3ED00EAFF3B /* Frameworks */ = {
			isa = PBXFrameworksBuildPhase;
			buildActionMask = 2147483647;
			files = (
			);
			runOnlyForDeploymentPostprocessing = 0;
		};
		F8FEAA752819F3F000EAFF3B /* Frameworks */ = {
			isa = PBXFrameworksBuildPhase;
			buildActionMask = 2147483647;
			files = (
			);
			runOnlyForDeploymentPostprocessing = 0;
		};
		F8FEAA7F2819F3F000EAFF3B /* Frameworks */ = {
			isa = PBXFrameworksBuildPhase;
			buildActionMask = 2147483647;
			files = (
			);
			runOnlyForDeploymentPostprocessing = 0;
		};
/* End PBXFrameworksBuildPhase section */

/* Begin PBXGroup section */
		F8FEAA5F2819F3ED00EAFF3B = {
			isa = PBXGroup;
			children = (
				F8FEAA6A2819F3ED00EAFF3B /* Restart */,
				F8FEAA7B2819F3F000EAFF3B /* RestartTests */,
				F8FEAA852819F3F000EAFF3B /* RestartUITests */,
				F8FEAA692819F3ED00EAFF3B /* Products */,
			);
			sourceTree = "<group>";
		};
		F8FEAA692819F3ED00EAFF3B /* Products */ = {
			isa = PBXGroup;
			children = (
				F8FEAA682819F3ED00EAFF3B /* Restart.app */,
				F8FEAA782819F3F000EAFF3B /* RestartTests.xctest */,
				F8FEAA822819F3F000EAFF3B /* RestartUITests.xctest */,
			);
			name = Products;
			sourceTree = "<group>";
		};
		F8FEAA6A2819F3ED00EAFF3B /* Restart */ = {
			isa = PBXGroup;
			children = (
				F8FEAA9F281A130200EAFF3B /* Info.plist */,
				F8FEAA9E281A0BC500EAFF3B /* Utilities */,
				F8FEAA9D281A0B9100EAFF3B /* Views */,
				F8FEAA9B2819F6B200EAFF3B /* Sounds */,
				F8FEAA6B2819F3ED00EAFF3B /* RestartApp.swift */,
				F8FEAA9C281A0B1A00EAFF3B /* Screens */,
				F8FEAA6F2819F3EF00EAFF3B /* Assets.xcassets */,
				F8FEAA712819F3EF00EAFF3B /* Preview Content */,
			);
			path = Restart;
			sourceTree = "<group>";
		};
		F8FEAA712819F3EF00EAFF3B /* Preview Content */ = {
			isa = PBXGroup;
			children = (
				F8FEAA722819F3EF00EAFF3B /* Preview Assets.xcassets */,
			);
			path = "Preview Content";
			sourceTree = "<group>";
		};
		F8FEAA7B2819F3F000EAFF3B /* RestartTests */ = {
			isa = PBXGroup;
			children = (
				F8FEAA7C2819F3F000EAFF3B /* RestartTests.swift */,
			);
			path = RestartTests;
			sourceTree = "<group>";
		};
		F8FEAA852819F3F000EAFF3B /* RestartUITests */ = {
			isa = PBXGroup;
			children = (
				F8FEAA862819F3F000EAFF3B /* RestartUITests.swift */,
				F8FEAA882819F3F000EAFF3B /* RestartUITestsLaunchTests.swift */,
			);
			path = RestartUITests;
			sourceTree = "<group>";
		};
		F8FEAA9B2819F6B200EAFF3B /* Sounds */ = {
			isa = PBXGroup;
			children = (
				F8FEAA952819F62000EAFF3B /* chimeup.mp3 */,
				F8FEAA962819F62000EAFF3B /* success.m4a */,
			);
			path = Sounds;
			sourceTree = "<group>";
		};
		F8FEAA9C281A0B1A00EAFF3B /* Screens */ = {
			isa = PBXGroup;
			children = (
				F8FEAA6D2819F3ED00EAFF3B /* ContentView.swift */,
				F8FEAAA2281A192500EAFF3B /* OnboardingView.swift */,
				F8FEAAA4281A19E500EAFF3B /* HomeView.swift */,
			);
			path = Screens;
			sourceTree = "<group>";
		};
		F8FEAA9D281A0B9100EAFF3B /* Views */ = {
			isa = PBXGroup;
			children = (
				F8494C49282C84240057637A /* CircleGroupView.swift */,
			);
			path = Views;
			sourceTree = "<group>";
		};
		F8FEAA9E281A0BC500EAFF3B /* Utilities */ = {
			isa = PBXGroup;
			children = (
			);
			path = Utilities;
			sourceTree = "<group>";
		};
/* End PBXGroup section */

/* Begin PBXNativeTarget section */
		F8FEAA672819F3ED00EAFF3B /* Restart */ = {
			isa = PBXNativeTarget;
			buildConfigurationList = F8FEAA8C2819F3F000EAFF3B /* Build configuration list for PBXNativeTarget "Restart" */;
			buildPhases = (
				F8FEAA642819F3ED00EAFF3B /* Sources */,
				F8FEAA652819F3ED00EAFF3B /* Frameworks */,
				F8FEAA662819F3ED00EAFF3B /* Resources */,
			);
			buildRules = (
			);
			dependencies = (
			);
			name = Restart;
			productName = Restart;
			productReference = F8FEAA682819F3ED00EAFF3B /* Restart.app */;
			productType = "com.apple.product-type.application";
		};
		F8FEAA772819F3F000EAFF3B /* RestartTests */ = {
			isa = PBXNativeTarget;
			buildConfigurationList = F8FEAA8F2819F3F000EAFF3B /* Build configuration list for PBXNativeTarget "RestartTests" */;
			buildPhases = (
				F8FEAA742819F3F000EAFF3B /* Sources */,
				F8FEAA752819F3F000EAFF3B /* Frameworks */,
				F8FEAA762819F3F000EAFF3B /* Resources */,
			);
			buildRules = (
			);
			dependencies = (
				F8FEAA7A2819F3F000EAFF3B /* PBXTargetDependency */,
			);
			name = RestartTests;
			productName = RestartTests;
			productReference = F8FEAA782819F3F000EAFF3B /* RestartTests.xctest */;
			productType = "com.apple.product-type.bundle.unit-test";
		};
		F8FEAA812819F3F000EAFF3B /* RestartUITests */ = {
			isa = PBXNativeTarget;
			buildConfigurationList = F8FEAA922819F3F000EAFF3B /* Build configuration list for PBXNativeTarget "RestartUITests" */;
			buildPhases = (
				F8FEAA7E2819F3F000EAFF3B /* Sources */,
				F8FEAA7F2819F3F000EAFF3B /* Frameworks */,
				F8FEAA802819F3F000EAFF3B /* Resources */,
			);
			buildRules = (
			);
			dependencies = (
				F8FEAA842819F3F000EAFF3B /* PBXTargetDependency */,
			);
			name = RestartUITests;
			productName = RestartUITests;
			productReference = F8FEAA822819F3F000EAFF3B /* RestartUITests.xctest */;
			productType = "com.apple.product-type.bundle.ui-testing";
		};
/* End PBXNativeTarget section */

/* Begin PBXProject section */
		F8FEAA602819F3ED00EAFF3B /* Project object */ = {
			isa = PBXProject;
			attributes = {
				BuildIndependentTargetsInParallel = 1;
				LastSwiftUpdateCheck = 1330;
				LastUpgradeCheck = 1330;
				TargetAttributes = {
					F8FEAA672819F3ED00EAFF3B = {
						CreatedOnToolsVersion = 13.3.1;
					};
					F8FEAA772819F3F000EAFF3B = {
						CreatedOnToolsVersion = 13.3.1;
						TestTargetID = F8FEAA672819F3ED00EAFF3B;
					};
					F8FEAA812819F3F000EAFF3B = {
						CreatedOnToolsVersion = 13.3.1;
						TestTargetID = F8FEAA672819F3ED00EAFF3B;
					};
				};
			};
			buildConfigurationList = F8FEAA632819F3ED00EAFF3B /* Build configuration list for PBXProject "Restart" */;
			compatibilityVersion = "Xcode 13.0";
			developmentRegion = en;
			hasScannedForEncodings = 0;
			knownRegions = (
				en,
				Base,
			);
			mainGroup = F8FEAA5F2819F3ED00EAFF3B;
			productRefGroup = F8FEAA692819F3ED00EAFF3B /* Products */;
			projectDirPath = "";
			projectRoot = "";
			targets = (
				F8FEAA672819F3ED00EAFF3B /* Restart */,
				F8FEAA772819F3F000EAFF3B /* RestartTests */,
				F8FEAA812819F3F000EAFF3B /* RestartUITests */,
			);
		};
/* End PBXProject section */

/* Begin PBXResourcesBuildPhase section */
		F8FEAA662819F3ED00EAFF3B /* Resources */ = {
			isa = PBXResourcesBuildPhase;
			buildActionMask = 2147483647;
			files = (
				F8FEAA992819F62000EAFF3B /* success.m4a in Resources */,
				F8FEAA972819F62000EAFF3B /* chimeup.mp3 in Resources */,
				F8FEAA732819F3EF00EAFF3B /* Preview Assets.xcassets in Resources */,
				F8FEAA702819F3EF00EAFF3B /* Assets.xcassets in Resources */,
			);
			runOnlyForDeploymentPostprocessing = 0;
		};
		F8FEAA762819F3F000EAFF3B /* Resources */ = {
			isa = PBXResourcesBuildPhase;
			buildActionMask = 2147483647;
			files = (
			);
			runOnlyForDeploymentPostprocessing = 0;
		};
		F8FEAA802819F3F000EAFF3B /* Resources */ = {
			isa = PBXResourcesBuildPhase;
			buildActionMask = 2147483647;
			files = (
				F8FEAA9A2819F62000EAFF3B /* success.m4a in Resources */,
				F8FEAA982819F62000EAFF3B /* chimeup.mp3 in Resources */,
			);
			runOnlyForDeploymentPostprocessing = 0;
		};
/* End PBXResourcesBuildPhase section */

/* Begin PBXSourcesBuildPhase section */
		F8FEAA642819F3ED00EAFF3B /* Sources */ = {
			isa = PBXSourcesBuildPhase;
			buildActionMask = 2147483647;
			files = (
				F8494C4A282C84240057637A /* CircleGroupView.swift in Sources */,
				F8FEAA6E2819F3ED00EAFF3B /* ContentView.swift in Sources */,
				F8FEAAA5281A19E500EAFF3B /* HomeView.swift in Sources */,
				F8FEAAA3281A192500EAFF3B /* OnboardingView.swift in Sources */,
				F8FEAA6C2819F3ED00EAFF3B /* RestartApp.swift in Sources */,
			);
			runOnlyForDeploymentPostprocessing = 0;
		};
		F8FEAA742819F3F000EAFF3B /* Sources */ = {
			isa = PBXSourcesBuildPhase;
			buildActionMask = 2147483647;
			files = (
				F8FEAA7D2819F3F000EAFF3B /* RestartTests.swift in Sources */,
			);
			runOnlyForDeploymentPostprocessing = 0;
		};
		F8FEAA7E2819F3F000EAFF3B /* Sources */ = {
			isa = PBXSourcesBuildPhase;
			buildActionMask = 2147483647;
			files = (
				F8FEAA892819F3F000EAFF3B /* RestartUITestsLaunchTests.swift in Sources */,
				F8FEAA872819F3F000EAFF3B /* RestartUITests.swift in Sources */,
			);
			runOnlyForDeploymentPostprocessing = 0;
		};
/* End PBXSourcesBuildPhase section */

/* Begin PBXTargetDependency section */
		F8FEAA7A2819F3F000EAFF3B /* PBXTargetDependency */ = {
			isa = PBXTargetDependency;
			target = F8FEAA672819F3ED00EAFF3B /* Restart */;
			targetProxy = F8FEAA792819F3F000EAFF3B /* PBXContainerItemProxy */;
		};
		F8FEAA842819F3F000EAFF3B /* PBXTargetDependency */ = {
			isa = PBXTargetDependency;
			target = F8FEAA672819F3ED00EAFF3B /* Restart */;
			targetProxy = F8FEAA832819F3F000EAFF3B /* PBXContainerItemProxy */;
		};
/* End PBXTargetDependency section */

/* Begin XCBuildConfiguration section */
		F8FEAA8A2819F3F000EAFF3B /* Debug */ = {
			isa = XCBuildConfiguration;
			buildSettings = {
				ALWAYS_SEARCH_USER_PATHS = NO;
				CLANG_ANALYZER_NONNULL = YES;
				CLANG_ANALYZER_NUMBER_OBJECT_CONVERSION = YES_AGGRESSIVE;
				CLANG_CXX_LANGUAGE_STANDARD = "gnu++17";
				CLANG_ENABLE_MODULES = YES;
				CLANG_ENABLE_OBJC_ARC = YES;
				CLANG_ENABLE_OBJC_WEAK = YES;
				CLANG_WARN_BLOCK_CAPTURE_AUTORELEASING = YES;
				CLANG_WARN_BOOL_CONVERSION = YES;
				CLANG_WARN_COMMA = YES;
				CLANG_WARN_CONSTANT_CONVERSION = YES;
				CLANG_WARN_DEPRECATED_OBJC_IMPLEMENTATIONS = YES;
				CLANG_WARN_DIRECT_OBJC_ISA_USAGE = YES_ERROR;
				CLANG_WARN_DOCUMENTATION_COMMENTS = YES;
				CLANG_WARN_EMPTY_BODY = YES;
				CLANG_WARN_ENUM_CONVERSION = YES;
				CLANG_WARN_INFINITE_RECURSION = YES;
				CLANG_WARN_INT_CONVERSION = YES;
				CLANG_WARN_NON_LITERAL_NULL_CONVERSION = YES;
				CLANG_WARN_OBJC_IMPLICIT_RETAIN_SELF = YES;
				CLANG_WARN_OBJC_LITERAL_CONVERSION = YES;
				CLANG_WARN_OBJC_ROOT_CLASS = YES_ERROR;
				CLANG_WARN_QUOTED_INCLUDE_IN_FRAMEWORK_HEADER = YES;
				CLANG_WARN_RANGE_LOOP_ANALYSIS = YES;
				CLANG_WARN_STRICT_PROTOTYPES = YES;
				CLANG_WARN_SUSPICIOUS_MOVE = YES;
				CLANG_WARN_UNGUARDED_AVAILABILITY = YES_AGGRESSIVE;
				CLANG_WARN_UNREACHABLE_CODE = YES;
				CLANG_WARN__DUPLICATE_METHOD_MATCH = YES;
				COPY_PHASE_STRIP = NO;
				DEBUG_INFORMATION_FORMAT = dwarf;
				ENABLE_STRICT_OBJC_MSGSEND = YES;
				ENABLE_TESTABILITY = YES;
				GCC_C_LANGUAGE_STANDARD = gnu11;
				GCC_DYNAMIC_NO_PIC = NO;
				GCC_NO_COMMON_BLOCKS = YES;
				GCC_OPTIMIZATION_LEVEL = 0;
				GCC_PREPROCESSOR_DEFINITIONS = (
					"DEBUG=1",
					"$(inherited)",
				);
				GCC_WARN_64_TO_32_BIT_CONVERSION = YES;
				GCC_WARN_ABOUT_RETURN_TYPE = YES_ERROR;
				GCC_WARN_UNDECLARED_SELECTOR = YES;
				GCC_WARN_UNINITIALIZED_AUTOS = YES_AGGRESSIVE;
				GCC_WARN_UNUSED_FUNCTION = YES;
				GCC_WARN_UNUSED_VARIABLE = YES;
				IPHONEOS_DEPLOYMENT_TARGET = 15.4;
				MTL_ENABLE_DEBUG_INFO = INCLUDE_SOURCE;
				MTL_FAST_MATH = YES;
				ONLY_ACTIVE_ARCH = YES;
				SDKROOT = iphoneos;
				SWIFT_ACTIVE_COMPILATION_CONDITIONS = DEBUG;
				SWIFT_OPTIMIZATION_LEVEL = "-Onone";
			};
			name = Debug;
		};
		F8FEAA8B2819F3F000EAFF3B /* Release */ = {
			isa = XCBuildConfiguration;
			buildSettings = {
				ALWAYS_SEARCH_USER_PATHS = NO;
				CLANG_ANALYZER_NONNULL = YES;
				CLANG_ANALYZER_NUMBER_OBJECT_CONVERSION = YES_AGGRESSIVE;
				CLANG_CXX_LANGUAGE_STANDARD = "gnu++17";
				CLANG_ENABLE_MODULES = YES;
				CLANG_ENABLE_OBJC_ARC = YES;
				CLANG_ENABLE_OBJC_WEAK = YES;
				CLANG_WARN_BLOCK_CAPTURE_AUTORELEASING = YES;
				CLANG_WARN_BOOL_CONVERSION = YES;
				CLANG_WARN_COMMA = YES;
				CLANG_WARN_CONSTANT_CONVERSION = YES;
				CLANG_WARN_DEPRECATED_OBJC_IMPLEMENTATIONS = YES;
				CLANG_WARN_DIRECT_OBJC_ISA_USAGE = YES_ERROR;
				CLANG_WARN_DOCUMENTATION_COMMENTS = YES;
				CLANG_WARN_EMPTY_BODY = YES;
				CLANG_WARN_ENUM_CONVERSION = YES;
				CLANG_WARN_INFINITE_RECURSION = YES;
				CLANG_WARN_INT_CONVERSION = YES;
				CLANG_WARN_NON_LITERAL_NULL_CONVERSION = YES;
				CLANG_WARN_OBJC_IMPLICIT_RETAIN_SELF = YES;
				CLANG_WARN_OBJC_LITERAL_CONVERSION = YES;
				CLANG_WARN_OBJC_ROOT_CLASS = YES_ERROR;
				CLANG_WARN_QUOTED_INCLUDE_IN_FRAMEWORK_HEADER = YES;
				CLANG_WARN_RANGE_LOOP_ANALYSIS = YES;
				CLANG_WARN_STRICT_PROTOTYPES = YES;
				CLANG_WARN_SUSPICIOUS_MOVE = YES;
				CLANG_WARN_UNGUARDED_AVAILABILITY = YES_AGGRESSIVE;
				CLANG_WARN_UNREACHABLE_CODE = YES;
				CLANG_WARN__DUPLICATE_METHOD_MATCH = YES;
				COPY_PHASE_STRIP = NO;
				DEBUG_INFORMATION_FORMAT = "dwarf-with-dsym";
				ENABLE_NS_ASSERTIONS = NO;
				ENABLE_STRICT_OBJC_MSGSEND = YES;
				GCC_C_LANGUAGE_STANDARD = gnu11;
				GCC_NO_COMMON_BLOCKS = YES;
				GCC_WARN_64_TO_32_BIT_CONVERSION = YES;
				GCC_WARN_ABOUT_RETURN_TYPE = YES_ERROR;
				GCC_WARN_UNDECLARED_SELECTOR = YES;
				GCC_WARN_UNINITIALIZED_AUTOS = YES_AGGRESSIVE;
				GCC_WARN_UNUSED_FUNCTION = YES;
				GCC_WARN_UNUSED_VARIABLE = YES;
				IPHONEOS_DEPLOYMENT_TARGET = 15.4;
				MTL_ENABLE_DEBUG_INFO = NO;
				MTL_FAST_MATH = YES;
				SDKROOT = iphoneos;
				SWIFT_COMPILATION_MODE = wholemodule;
				SWIFT_OPTIMIZATION_LEVEL = "-O";
				VALIDATE_PRODUCT = YES;
			};
			name = Release;
		};
		F8FEAA8D2819F3F000EAFF3B /* Debug */ = {
			isa = XCBuildConfiguration;
			buildSettings = {
				ASSETCATALOG_COMPILER_APPICON_NAME = AppIcon;
				ASSETCATALOG_COMPILER_GLOBAL_ACCENT_COLOR_NAME = AccentColor;
				CODE_SIGN_STYLE = Automatic;
				CURRENT_PROJECT_VERSION = 1;
				DEVELOPMENT_ASSET_PATHS = "\"Restart/Preview Content\"";
				DEVELOPMENT_TEAM = 25PFCDRJXM;
				ENABLE_PREVIEWS = YES;
				GENERATE_INFOPLIST_FILE = YES;
				INFOPLIST_FILE = Restart/Info.plist;
				INFOPLIST_KEY_UIApplicationSceneManifest_Generation = YES;
				INFOPLIST_KEY_UIApplicationSupportsIndirectInputEvents = YES;
				INFOPLIST_KEY_UISupportedInterfaceOrientations = UIInterfaceOrientationPortrait;
				INFOPLIST_KEY_UISupportedInterfaceOrientations_iPad = "UIInterfaceOrientationPortrait UIInterfaceOrientationPortraitUpsideDown UIInterfaceOrientationLandscapeLeft UIInterfaceOrientationLandscapeRight";
				INFOPLIST_KEY_UISupportedInterfaceOrientations_iPhone = UIInterfaceOrientationPortrait;
				LD_RUNPATH_SEARCH_PATHS = (
					"$(inherited)",
					"@executable_path/Frameworks",
				);
				MARKETING_VERSION = 1.0;
				PRODUCT_BUNDLE_IDENTIFIER = "com.alba.switfUI-tutorial.Restart";
				PRODUCT_NAME = "$(TARGET_NAME)";
				SWIFT_EMIT_LOC_STRINGS = YES;
				SWIFT_VERSION = 5.0;
				TARGETED_DEVICE_FAMILY = "1,2";
			};
			name = Debug;
		};
		F8FEAA8E2819F3F000EAFF3B /* Release */ = {
			isa = XCBuildConfiguration;
			buildSettings = {
				ASSETCATALOG_COMPILER_APPICON_NAME = AppIcon;
				ASSETCATALOG_COMPILER_GLOBAL_ACCENT_COLOR_NAME = AccentColor;
				CODE_SIGN_STYLE = Automatic;
				CURRENT_PROJECT_VERSION = 1;
				DEVELOPMENT_ASSET_PATHS = "\"Restart/Preview Content\"";
				DEVELOPMENT_TEAM = 25PFCDRJXM;
				ENABLE_PREVIEWS = YES;
				GENERATE_INFOPLIST_FILE = YES;
				INFOPLIST_FILE = Restart/Info.plist;
				INFOPLIST_KEY_UIApplicationSceneManifest_Generation = YES;
				INFOPLIST_KEY_UIApplicationSupportsIndirectInputEvents = YES;
				INFOPLIST_KEY_UISupportedInterfaceOrientations = UIInterfaceOrientationPortrait;
				INFOPLIST_KEY_UISupportedInterfaceOrientations_iPad = "UIInterfaceOrientationPortrait UIInterfaceOrientationPortraitUpsideDown UIInterfaceOrientationLandscapeLeft UIInterfaceOrientationLandscapeRight";
				INFOPLIST_KEY_UISupportedInterfaceOrientations_iPhone = UIInterfaceOrientationPortrait;
				LD_RUNPATH_SEARCH_PATHS = (
					"$(inherited)",
					"@executable_path/Frameworks",
				);
				MARKETING_VERSION = 1.0;
				PRODUCT_BUNDLE_IDENTIFIER = "com.alba.switfUI-tutorial.Restart";
				PRODUCT_NAME = "$(TARGET_NAME)";
				SWIFT_EMIT_LOC_STRINGS = YES;
				SWIFT_VERSION = 5.0;
				TARGETED_DEVICE_FAMILY = "1,2";
			};
			name = Release;
		};
		F8FEAA902819F3F000EAFF3B /* Debug */ = {
			isa = XCBuildConfiguration;
			buildSettings = {
				ALWAYS_EMBED_SWIFT_STANDARD_LIBRARIES = YES;
				BUNDLE_LOADER = "$(TEST_HOST)";
				CODE_SIGN_STYLE = Automatic;
				CURRENT_PROJECT_VERSION = 1;
				DEVELOPMENT_TEAM = 25PFCDRJXM;
				GENERATE_INFOPLIST_FILE = YES;
				IPHONEOS_DEPLOYMENT_TARGET = 15.4;
				MARKETING_VERSION = 1.0;
				PRODUCT_BUNDLE_IDENTIFIER = "com.alba.switfUI-tutorial.RestartTests";
				PRODUCT_NAME = "$(TARGET_NAME)";
				SWIFT_EMIT_LOC_STRINGS = NO;
				SWIFT_VERSION = 5.0;
				TARGETED_DEVICE_FAMILY = "1,2";
				TEST_HOST = "$(BUILT_PRODUCTS_DIR)/Restart.app/Restart";
			};
			name = Debug;
		};
		F8FEAA912819F3F000EAFF3B /* Release */ = {
			isa = XCBuildConfiguration;
			buildSettings = {
				ALWAYS_EMBED_SWIFT_STANDARD_LIBRARIES = YES;
				BUNDLE_LOADER = "$(TEST_HOST)";
				CODE_SIGN_STYLE = Automatic;
				CURRENT_PROJECT_VERSION = 1;
				DEVELOPMENT_TEAM = 25PFCDRJXM;
				GENERATE_INFOPLIST_FILE = YES;
				IPHONEOS_DEPLOYMENT_TARGET = 15.4;
				MARKETING_VERSION = 1.0;
				PRODUCT_BUNDLE_IDENTIFIER = "com.alba.switfUI-tutorial.RestartTests";
				PRODUCT_NAME = "$(TARGET_NAME)";
				SWIFT_EMIT_LOC_STRINGS = NO;
				SWIFT_VERSION = 5.0;
				TARGETED_DEVICE_FAMILY = "1,2";
				TEST_HOST = "$(BUILT_PRODUCTS_DIR)/Restart.app/Restart";
			};
			name = Release;
		};
		F8FEAA932819F3F000EAFF3B /* Debug */ = {
			isa = XCBuildConfiguration;
			buildSettings = {
				ALWAYS_EMBED_SWIFT_STANDARD_LIBRARIES = YES;
				CODE_SIGN_STYLE = Automatic;
				CURRENT_PROJECT_VERSION = 1;
				DEVELOPMENT_TEAM = 25PFCDRJXM;
				GENERATE_INFOPLIST_FILE = YES;
				MARKETING_VERSION = 1.0;
				PRODUCT_BUNDLE_IDENTIFIER = "com.alba.switfUI-tutorial.RestartUITests";
				PRODUCT_NAME = "$(TARGET_NAME)";
				SWIFT_EMIT_LOC_STRINGS = NO;
				SWIFT_VERSION = 5.0;
				TARGETED_DEVICE_FAMILY = "1,2";
				TEST_TARGET_NAME = Restart;
			};
			name = Debug;
		};
		F8FEAA942819F3F000EAFF3B /* Release */ = {
			isa = XCBuildConfiguration;
			buildSettings = {
				ALWAYS_EMBED_SWIFT_STANDARD_LIBRARIES = YES;
				CODE_SIGN_STYLE = Automatic;
				CURRENT_PROJECT_VERSION = 1;
				DEVELOPMENT_TEAM = 25PFCDRJXM;
				GENERATE_INFOPLIST_FILE = YES;
				MARKETING_VERSION = 1.0;
				PRODUCT_BUNDLE_IDENTIFIER = "com.alba.switfUI-tutorial.RestartUITests";
				PRODUCT_NAME = "$(TARGET_NAME)";
				SWIFT_EMIT_LOC_STRINGS = NO;
				SWIFT_VERSION = 5.0;
				TARGETED_DEVICE_FAMILY = "1,2";
				TEST_TARGET_NAME = Restart;
			};
			name = Release;
		};
/* End XCBuildConfiguration section */

/* Begin XCConfigurationList section */
		F8FEAA632819F3ED00EAFF3B /* Build configuration list for PBXProject "Restart" */ = {
			isa = XCConfigurationList;
			buildConfigurations = (
				F8FEAA8A2819F3F000EAFF3B /* Debug */,
				F8FEAA8B2819F3F000EAFF3B /* Release */,
			);
			defaultConfigurationIsVisible = 0;
			defaultConfigurationName = Release;
		};
		F8FEAA8C2819F3F000EAFF3B /* Build configuration list for PBXNativeTarget "Restart" */ = {
			isa = XCConfigurationList;
			buildConfigurations = (
				F8FEAA8D2819F3F000EAFF3B /* Debug */,
				F8FEAA8E2819F3F000EAFF3B /* Release */,
			);
			defaultConfigurationIsVisible = 0;
			defaultConfigurationName = Release;
		};
		F8FEAA8F2819F3F000EAFF3B /* Build configuration list for PBXNativeTarget "RestartTests" */ = {
			isa = XCConfigurationList;
			buildConfigurations = (
				F8FEAA902819F3F000EAFF3B /* Debug */,
				F8FEAA912819F3F000EAFF3B /* Release */,
			);
			defaultConfigurationIsVisible = 0;
			defaultConfigurationName = Release;
		};
		F8FEAA922819F3F000EAFF3B /* Build configuration list for PBXNativeTarget "RestartUITests" */ = {
			isa = XCConfigurationList;
			buildConfigurations = (
				F8FEAA932819F3F000EAFF3B /* Debug */,
				F8FEAA942819F3F000EAFF3B /* Release */,
			);
			defaultConfigurationIsVisible = 0;
			defaultConfigurationName = Release;
		};
/* End XCConfigurationList section */
	};
	rootObject = F8FEAA602819F3ED00EAFF3B /* Project object */;
}
